<?xml version="1.0" encoding="UTF-8" standalone="yes" ?>
<CodeBlocks_project_file>
	<FileVersion major="1" minor="5" />
	<Project>
		<Option title="Map Editor" />
		<Option pch_mode="0" />
		<Option default_target="" />
		<Option compiler="gcc" />
		<Option virtualFolders="" />
		<Build>
			<Target title="default">
				<Option output="..\Map Editor.exe" prefix_auto="0" extension_auto="0" />
				<Option type="0" />
				<Option compiler="gcc" />
				<Option projectResourceIncludeDirsRelation="0" />
			</Target>
		</Build>
		<VirtualTargets>
			<Add alias="All" targets="default;" />
		</VirtualTargets>
		<Compiler>
			<Add option="-mwindows" />
			<Add option="-Dmain=SDL_main" />
		</Compiler>
		<Linker>
			<Add library="mingw32" />
			<Add library="opengl32" />
			<Add library="glu32" />
			<Add library="SDLmain" />
			<Add library="SDL" />
			<Add library="SDL_image" />
			<Add library="SDL_mixer" />
			<Add library="z" />
		</Linker>
		<Unit filename="..\common\newmap.c">
			<Option compilerVar="CC" />
			<Option target="default" />
		</Unit>
		<Unit filename="..\common\newmap.h">
			<Option compilerVar="" />
			<Option compile="0" />
			<Option link="0" />
			<Option target="default" />
		</Unit>
		<Unit filename="bm_game.c">
			<Option compilerVar="CC" />
			<Option target="default" />
		</Unit>
		<Unit filename="bmedit.c">
			<Option compilerVar="CC" />
			<Option target="default" />
		</Unit>
		<Unit filename="bmedit.h">
			<Option compilerVar="" />
			<Option compile="0" />
			<Option link="0" />
			<Option target="default" />
		</Unit>
		<Unit filename="font.c">
			<Option compilerVar="CC" />
			<Option target="default" />
		</Unit>
		<Unit filename="font.h">
			<Option compilerVar="" />
			<Option compile="0" />
			<Option link="0" />
			<Option target="default" />
		</Unit>
		<Unit filename="glwindows.c">
			<Option compilerVar="CC" />
			<Option target="default" />
		</Unit>
		<Unit filename="glwindows.h">
			<Option compilerVar="" />
			<Option compile="0" />
			<Option link="0" />
			<Option target="default" />
		</Unit>
		<Unit filename="opengl.c">
			<Option compilerVar="CC" />
			<Option target="default" />
		</Unit>
		<Unit filename="opengl.h">
			<Option compilerVar="" />
			<Option compile="0" />
			<Option link="0" />
			<Option target="default" />
		</Unit>
		<Extensions>
			<code_completion />
		</Extensions>
	</Project>
</CodeBlocks_project_file>
