<?xml version="1.0" encoding="UTF-8" standalone="yes" ?>
<CodeBlocks_project_file>
	<FileVersion major="1" minor="5" />
	<Project>
		<Option title="map04" />
		<Option pch_mode="0" />
		<Option default_target="" />
		<Option compiler="gcc" />
		<Option virtualFolders="" />
		<Build>
			<Target title="default">
				<Option output="..\map04.dll" prefix_auto="0" extension_auto="0" />
				<Option type="3" />
				<Option compiler="gcc" />
				<Option createStaticLib="1" />
				<Compiler>
					<Add directory="..\common" />
				</Compiler>
			</Target>
		</Build>
		<VirtualTargets>
			<Add alias="All" targets="default;" />
		</VirtualTargets>
		<Compiler>
			<Add option="-DBUILD_DLL" />
		</Compiler>
		<Linker>
			<Add library="opengl32" />
		</Linker>
		<Unit filename="Hermit.c">
			<Option compilerVar="CC" />
			<Option target="default" />
		</Unit>
		<Unit filename="Hermit.h">
			<Option compilerVar="" />
			<Option compile="0" />
			<Option link="0" />
			<Option target="default" />
		</Unit>
		<Unit filename="Pterodactyl.c">
			<Option compilerVar="CC" />
			<Option target="default" />
		</Unit>
		<Unit filename="Pterodactyl.h">
			<Option compilerVar="" />
			<Option compile="0" />
			<Option link="0" />
			<Option target="default" />
		</Unit>
		<Unit filename="Swimmer.c">
			<Option compilerVar="CC" />
			<Option target="default" />
		</Unit>
		<Unit filename="Swimmer.h">
			<Option compilerVar="" />
			<Option compile="0" />
			<Option link="0" />
			<Option target="default" />
		</Unit>
		<Unit filename="bm_game.c">
			<Option compilerVar="CC" />
			<Option target="default" />
		</Unit>
		<Unit filename="interface.c">
			<Option compilerVar="CC" />
			<Option target="default" />
		</Unit>
		<Unit filename="interface.h">
			<Option compilerVar="" />
			<Option compile="0" />
			<Option link="0" />
			<Option target="default" />
		</Unit>
		<Unit filename="sounds.h">
			<Option compilerVar="" />
			<Option compile="0" />
			<Option link="0" />
			<Option target="default" />
		</Unit>
		<Extensions>
			<code_completion />
		</Extensions>
	</Project>
</CodeBlocks_project_file>
